
Microsoft Visual Studio Solution File, Format Version 12.00
# Visual Studio Version 17
VisualStudioVersion = 17.4.33213.308
MinimumVisualStudioVersion = 10.0.40219.1
Project("{FAE04EC0-301F-11D3-BF4B-00C04F79EFBC}") = "ChatApp.Presentation", "ChatApp.Presentation\ChatApp.Presentation.csproj", "{ECF1FA4B-A9D1-4E83-B0A0-6070ABFB70D2}"
EndProject
Project("{FAE04EC0-301F-11D3-BF4B-00C04F79EFBC}") = "ChatApp.Domain", "ChatApp.Domain\ChatApp.Domain.csproj", "{B2B0633B-6C26-472E-AF47-FC09D6725F52}"
EndProject
Project("{FAE04EC0-301F-11D3-BF4B-00C04F79EFBC}") = "ChatApp.Data", "ChatApp.Data\ChatApp.Data.csproj", "{35247FFA-42DD-45DA-94D7-28F31BE16E38}"
EndProject
Global
	GlobalSection(SolutionConfigurationPlatforms) = preSolution
		Debug|Any CPU = Debug|Any CPU
		Release|Any CPU = Release|Any CPU
	EndGlobalSection
	GlobalSection(ProjectConfigurationPlatforms) = postSolution
		{ECF1FA4B-A9D1-4E83-B0A0-6070ABFB70D2}.Debug|Any CPU.ActiveCfg = Debug|Any CPU
		{ECF1FA4B-A9D1-4E83-B0A0-6070ABFB70D2}.Debug|Any CPU.Build.0 = Debug|Any CPU
		{ECF1FA4B-A9D1-4E83-B0A0-6070ABFB70D2}.Release|Any CPU.ActiveCfg = Release|Any CPU
		{ECF1FA4B-A9D1-4E83-B0A0-6070ABFB70D2}.Release|Any CPU.Build.0 = Release|Any CPU
		{B2B0633B-6C26-472E-AF47-FC09D6725F52}.Debug|Any CPU.ActiveCfg = Debug|Any CPU
		{B2B0633B-6C26-472E-AF47-FC09D6725F52}.Debug|Any CPU.Build.0 = Debug|Any CPU
		{B2B0633B-6C26-472E-AF47-FC09D6725F52}.Release|Any CPU.ActiveCfg = Release|Any CPU
		{B2B0633B-6C26-472E-AF47-FC09D6725F52}.Release|Any CPU.Build.0 = Release|Any CPU
		{35247FFA-42DD-45DA-94D7-28F31BE16E38}.Debug|Any CPU.ActiveCfg = Debug|Any CPU
		{35247FFA-42DD-45DA-94D7-28F31BE16E38}.Debug|Any CPU.Build.0 = Debug|Any CPU
		{35247FFA-42DD-45DA-94D7-28F31BE16E38}.Release|Any CPU.ActiveCfg = Release|Any CPU
		{35247FFA-42DD-45DA-94D7-28F31BE16E38}.Release|Any CPU.Build.0 = Release|Any CPU
	EndGlobalSection
	GlobalSection(SolutionProperties) = preSolution
		HideSolutionNode = FALSE
	EndGlobalSection
	GlobalSection(ExtensibilityGlobals) = postSolution
		SolutionGuid = {5E368CCC-A69A-4134-9763-D942CDFC2230}
	EndGlobalSection
EndGlobal
